Microsoft Visual Studio Solution File, Format Version 12.00
# Visual Studio 15
VisualStudioVersion = 15.0.26228.4
MinimumVisualStudioVersion = 15.0.26124.0
Project("{2150E333-8FDC-42A3-9474-1A3956D46DE8}") = "src", "src", "{20E551E5-43AC-4CE9-8F70-AD92CCCBB663}"
EndProject
Project("{2150E333-8FDC-42A3-9474-1A3956D46DE8}") = "tests", "tests", "{BB4A5F85-4F82-455D-A5C7-C3D5A0365823}"
EndProject
Project("{FAE04EC0-301F-11D3-BF4B-00C04F79EFBC}") = "Command", "src\Command\Command.csproj", "{7EB25ECE-504A-4984-BE3C-4B7B6BEAF798}"
EndProject
Project("{FAE04EC0-301F-11D3-BF4B-00C04F79EFBC}") = "Domain", "src\Domain\Domain.csproj", "{2E876802-4A79-4D26-AA39-FE84E3C8FDDA}"
EndProject
Project("{FAE04EC0-301F-11D3-BF4B-00C04F79EFBC}") = "Query", "src\Query\Query.csproj", "{BC11D5FD-B3E7-4936-A62A-A78EC444915A}"
EndProject
Project("{FAE04EC0-301F-11D3-BF4B-00C04F79EFBC}") = "Tests", "tests\Tests.csproj", "{499FACC8-5027-4753-B383-E9E09644D1E2}"
EndProject
Project("{FAE04EC0-301F-11D3-BF4B-00C04F79EFBC}") = "Api", "src\Api\Api.csproj", "{28506DE6-078B-42AF-BD61-FEB6FBD700BD}"
EndProject
Project("{FAE04EC0-301F-11D3-BF4B-00C04F79EFBC}") = "Core", "src\Core\Core.csproj", "{2D5791C7-AB8F-4824-832E-DFEDFB0934FD}"
EndProject
Global
	GlobalSection(SolutionConfigurationPlatforms) = preSolution
		Debug|Any CPU = Debug|Any CPU
		Debug|x64 = Debug|x64
		Debug|x86 = Debug|x86
		Release|Any CPU = Release|Any CPU
		Release|x64 = Release|x64
		Release|x86 = Release|x86
	EndGlobalSection
	GlobalSection(ProjectConfigurationPlatforms) = postSolution
		{7EB25ECE-504A-4984-BE3C-4B7B6BEAF798}.Debug|Any CPU.ActiveCfg = Debug|Any CPU
		{7EB25ECE-504A-4984-BE3C-4B7B6BEAF798}.Debug|Any CPU.Build.0 = Debug|Any CPU
		{7EB25ECE-504A-4984-BE3C-4B7B6BEAF798}.Debug|x64.ActiveCfg = Debug|Any CPU
		{7EB25ECE-504A-4984-BE3C-4B7B6BEAF798}.Debug|x64.Build.0 = Debug|Any CPU
		{7EB25ECE-504A-4984-BE3C-4B7B6BEAF798}.Debug|x86.ActiveCfg = Debug|Any CPU
		{7EB25ECE-504A-4984-BE3C-4B7B6BEAF798}.Debug|x86.Build.0 = Debug|Any CPU
		{7EB25ECE-504A-4984-BE3C-4B7B6BEAF798}.Release|Any CPU.ActiveCfg = Release|Any CPU
		{7EB25ECE-504A-4984-BE3C-4B7B6BEAF798}.Release|Any CPU.Build.0 = Release|Any CPU
		{7EB25ECE-504A-4984-BE3C-4B7B6BEAF798}.Release|x64.ActiveCfg = Release|Any CPU
		{7EB25ECE-504A-4984-BE3C-4B7B6BEAF798}.Release|x64.Build.0 = Release|Any CPU
		{7EB25ECE-504A-4984-BE3C-4B7B6BEAF798}.Release|x86.ActiveCfg = Release|Any CPU
		{7EB25ECE-504A-4984-BE3C-4B7B6BEAF798}.Release|x86.Build.0 = Release|Any CPU
		{2E876802-4A79-4D26-AA39-FE84E3C8FDDA}.Debug|Any CPU.ActiveCfg = Debug|Any CPU
		{2E876802-4A79-4D26-AA39-FE84E3C8FDDA}.Debug|Any CPU.Build.0 = Debug|Any CPU
		{2E876802-4A79-4D26-AA39-FE84E3C8FDDA}.Debug|x64.ActiveCfg = Debug|Any CPU
		{2E876802-4A79-4D26-AA39-FE84E3C8FDDA}.Debug|x64.Build.0 = Debug|Any CPU
		{2E876802-4A79-4D26-AA39-FE84E3C8FDDA}.Debug|x86.ActiveCfg = Debug|Any CPU
		{2E876802-4A79-4D26-AA39-FE84E3C8FDDA}.Debug|x86.Build.0 = Debug|Any CPU
		{2E876802-4A79-4D26-AA39-FE84E3C8FDDA}.Release|Any CPU.ActiveCfg = Release|Any CPU
		{2E876802-4A79-4D26-AA39-FE84E3C8FDDA}.Release|Any CPU.Build.0 = Release|Any CPU
		{2E876802-4A79-4D26-AA39-FE84E3C8FDDA}.Release|x64.ActiveCfg = Release|Any CPU
		{2E876802-4A79-4D26-AA39-FE84E3C8FDDA}.Release|x64.Build.0 = Release|Any CPU
		{2E876802-4A79-4D26-AA39-FE84E3C8FDDA}.Release|x86.ActiveCfg = Release|Any CPU
		{2E876802-4A79-4D26-AA39-FE84E3C8FDDA}.Release|x86.Build.0 = Release|Any CPU
		{BC11D5FD-B3E7-4936-A62A-A78EC444915A}.Debug|Any CPU.ActiveCfg = Debug|Any CPU
		{BC11D5FD-B3E7-4936-A62A-A78EC444915A}.Debug|Any CPU.Build.0 = Debug|Any CPU
		{BC11D5FD-B3E7-4936-A62A-A78EC444915A}.Debug|x64.ActiveCfg = Debug|Any CPU
		{BC11D5FD-B3E7-4936-A62A-A78EC444915A}.Debug|x64.Build.0 = Debug|Any CPU
		{BC11D5FD-B3E7-4936-A62A-A78EC444915A}.Debug|x86.ActiveCfg = Debug|Any CPU
		{BC11D5FD-B3E7-4936-A62A-A78EC444915A}.Debug|x86.Build.0 = Debug|Any CPU
		{BC11D5FD-B3E7-4936-A62A-A78EC444915A}.Release|Any CPU.ActiveCfg = Release|Any CPU
		{BC11D5FD-B3E7-4936-A62A-A78EC444915A}.Release|Any CPU.Build.0 = Release|Any CPU
		{BC11D5FD-B3E7-4936-A62A-A78EC444915A}.Release|x64.ActiveCfg = Release|Any CPU
		{BC11D5FD-B3E7-4936-A62A-A78EC444915A}.Release|x64.Build.0 = Release|Any CPU
		{BC11D5FD-B3E7-4936-A62A-A78EC444915A}.Release|x86.ActiveCfg = Release|Any CPU
		{BC11D5FD-B3E7-4936-A62A-A78EC444915A}.Release|x86.Build.0 = Release|Any CPU
		{499FACC8-5027-4753-B383-E9E09644D1E2}.Debug|Any CPU.ActiveCfg = Debug|Any CPU
		{499FACC8-5027-4753-B383-E9E09644D1E2}.Debug|Any CPU.Build.0 = Debug|Any CPU
		{499FACC8-5027-4753-B383-E9E09644D1E2}.Debug|x64.ActiveCfg = Debug|Any CPU
		{499FACC8-5027-4753-B383-E9E09644D1E2}.Debug|x64.Build.0 = Debug|Any CPU
		{499FACC8-5027-4753-B383-E9E09644D1E2}.Debug|x86.ActiveCfg = Debug|Any CPU
		{499FACC8-5027-4753-B383-E9E09644D1E2}.Debug|x86.Build.0 = Debug|Any CPU
		{499FACC8-5027-4753-B383-E9E09644D1E2}.Release|Any CPU.ActiveCfg = Release|Any CPU
		{499FACC8-5027-4753-B383-E9E09644D1E2}.Release|Any CPU.Build.0 = Release|Any CPU
		{499FACC8-5027-4753-B383-E9E09644D1E2}.Release|x64.ActiveCfg = Release|Any CPU
		{499FACC8-5027-4753-B383-E9E09644D1E2}.Release|x64.Build.0 = Release|Any CPU
		{499FACC8-5027-4753-B383-E9E09644D1E2}.Release|x86.ActiveCfg = Release|Any CPU
		{499FACC8-5027-4753-B383-E9E09644D1E2}.Release|x86.Build.0 = Release|Any CPU
		{28506DE6-078B-42AF-BD61-FEB6FBD700BD}.Debug|Any CPU.ActiveCfg = Debug|Any CPU
		{28506DE6-078B-42AF-BD61-FEB6FBD700BD}.Debug|Any CPU.Build.0 = Debug|Any CPU
		{28506DE6-078B-42AF-BD61-FEB6FBD700BD}.Debug|x64.ActiveCfg = Debug|Any CPU
		{28506DE6-078B-42AF-BD61-FEB6FBD700BD}.Debug|x64.Build.0 = Debug|Any CPU
		{28506DE6-078B-42AF-BD61-FEB6FBD700BD}.Debug|x86.ActiveCfg = Debug|Any CPU
		{28506DE6-078B-42AF-BD61-FEB6FBD700BD}.Debug|x86.Build.0 = Debug|Any CPU
		{28506DE6-078B-42AF-BD61-FEB6FBD700BD}.Release|Any CPU.ActiveCfg = Release|Any CPU
		{28506DE6-078B-42AF-BD61-FEB6FBD700BD}.Release|Any CPU.Build.0 = Release|Any CPU
		{28506DE6-078B-42AF-BD61-FEB6FBD700BD}.Release|x64.ActiveCfg = Release|Any CPU
		{28506DE6-078B-42AF-BD61-FEB6FBD700BD}.Release|x64.Build.0 = Release|Any CPU
		{28506DE6-078B-42AF-BD61-FEB6FBD700BD}.Release|x86.ActiveCfg = Release|Any CPU
		{28506DE6-078B-42AF-BD61-FEB6FBD700BD}.Release|x86.Build.0 = Release|Any CPU
		{2D5791C7-AB8F-4824-832E-DFEDFB0934FD}.Debug|Any CPU.ActiveCfg = Debug|Any CPU
		{2D5791C7-AB8F-4824-832E-DFEDFB0934FD}.Debug|Any CPU.Build.0 = Debug|Any CPU
		{2D5791C7-AB8F-4824-832E-DFEDFB0934FD}.Debug|x64.ActiveCfg = Debug|Any CPU
		{2D5791C7-AB8F-4824-832E-DFEDFB0934FD}.Debug|x64.Build.0 = Debug|Any CPU
		{2D5791C7-AB8F-4824-832E-DFEDFB0934FD}.Debug|x86.ActiveCfg = Debug|Any CPU
		{2D5791C7-AB8F-4824-832E-DFEDFB0934FD}.Debug|x86.Build.0 = Debug|Any CPU
		{2D5791C7-AB8F-4824-832E-DFEDFB0934FD}.Release|Any CPU.ActiveCfg = Release|Any CPU
		{2D5791C7-AB8F-4824-832E-DFEDFB0934FD}.Release|Any CPU.Build.0 = Release|Any CPU
		{2D5791C7-AB8F-4824-832E-DFEDFB0934FD}.Release|x64.ActiveCfg = Release|Any CPU
		{2D5791C7-AB8F-4824-832E-DFEDFB0934FD}.Release|x64.Build.0 = Release|Any CPU
		{2D5791C7-AB8F-4824-832E-DFEDFB0934FD}.Release|x86.ActiveCfg = Release|Any CPU
		{2D5791C7-AB8F-4824-832E-DFEDFB0934FD}.Release|x86.Build.0 = Release|Any CPU
	EndGlobalSection
	GlobalSection(SolutionProperties) = preSolution
		HideSolutionNode = FALSE
	EndGlobalSection
	GlobalSection(NestedProjects) = preSolution
		{7EB25ECE-504A-4984-BE3C-4B7B6BEAF798} = {20E551E5-43AC-4CE9-8F70-AD92CCCBB663}
		{2E876802-4A79-4D26-AA39-FE84E3C8FDDA} = {20E551E5-43AC-4CE9-8F70-AD92CCCBB663}
		{BC11D5FD-B3E7-4936-A62A-A78EC444915A} = {20E551E5-43AC-4CE9-8F70-AD92CCCBB663}
		{499FACC8-5027-4753-B383-E9E09644D1E2} = {BB4A5F85-4F82-455D-A5C7-C3D5A0365823}
		{28506DE6-078B-42AF-BD61-FEB6FBD700BD} = {20E551E5-43AC-4CE9-8F70-AD92CCCBB663}
		{2D5791C7-AB8F-4824-832E-DFEDFB0934FD} = {20E551E5-43AC-4CE9-8F70-AD92CCCBB663}
	EndGlobalSection
EndGlobal
